
Microsoft Visual Studio Solution File, Format Version 12.00
# Visual Studio Version 17
VisualStudioVersion = 17.5.33502.453
MinimumVisualStudioVersion = 10.0.40219.1
Project("{FAE04EC0-301F-11D3-BF4B-00C04F79EFBC}") = "Homework#02", "Homework#02\Homework#02.csproj", "{3138DDCD-9639-4692-B8B5-6C8101E00501}"
EndProject
Project("{FAE04EC0-301F-11D3-BF4B-00C04F79EFBC}") = "Homework#02.Domain", "Homework#02.Domain\Homework#02.Domain.csproj", "{F37D07B6-95FA-4CB8-925C-F8EF01709F4E}"
EndProject
Global
	GlobalSection(SolutionConfigurationPlatforms) = preSolution
		Debug|Any CPU = Debug|Any CPU
		Release|Any CPU = Release|Any CPU
	EndGlobalSection
	GlobalSection(ProjectConfigurationPlatforms) = postSolution
		{3138DDCD-9639-4692-B8B5-6C8101E00501}.Debug|Any CPU.ActiveCfg = Debug|Any CPU
		{3138DDCD-9639-4692-B8B5-6C8101E00501}.Debug|Any CPU.Build.0 = Debug|Any CPU
		{3138DDCD-9639-4692-B8B5-6C8101E00501}.Release|Any CPU.ActiveCfg = Release|Any CPU
		{3138DDCD-9639-4692-B8B5-6C8101E00501}.Release|Any CPU.Build.0 = Release|Any CPU
		{F37D07B6-95FA-4CB8-925C-F8EF01709F4E}.Debug|Any CPU.ActiveCfg = Debug|Any CPU
		{F37D07B6-95FA-4CB8-925C-F8EF01709F4E}.Debug|Any CPU.Build.0 = Debug|Any CPU
		{F37D07B6-95FA-4CB8-925C-F8EF01709F4E}.Release|Any CPU.ActiveCfg = Release|Any CPU
		{F37D07B6-95FA-4CB8-925C-F8EF01709F4E}.Release|Any CPU.Build.0 = Release|Any CPU
	EndGlobalSection
	GlobalSection(SolutionProperties) = preSolution
		HideSolutionNode = FALSE
	EndGlobalSection
	GlobalSection(ExtensibilityGlobals) = postSolution
		SolutionGuid = {3C0FB72E-CFFE-4366-94EA-D235363DCA94}
	EndGlobalSection
EndGlobal
