
Microsoft Visual Studio Solution File, Format Version 12.00
# Visual Studio Version 17
VisualStudioVersion = 17.5.33502.453
MinimumVisualStudioVersion = 10.0.40219.1
Project("{FAE04EC0-301F-11D3-BF4B-00C04F79EFBC}") = "Task 1", "Task 1\Task 1.csproj", "{53B32213-1EEB-4AF9-9A96-FC2FC390739B}"
EndProject
Project("{FAE04EC0-301F-11D3-BF4B-00C04F79EFBC}") = "Homework.Domain", "Homework.Domain\Homework.Domain.csproj", "{48D2B0C4-45BE-49C6-B4B2-80005D2E441F}"
EndProject
Project("{FAE04EC0-301F-11D3-BF4B-00C04F79EFBC}") = "CarService.Domain", "CarService.Domain\CarService.Domain.csproj", "{04252B18-C4C5-4CB0-8741-D78B087A09E9}"
EndProject
Project("{FAE04EC0-301F-11D3-BF4B-00C04F79EFBC}") = "CarService", "CarService\CarService.csproj", "{7E88A38F-F821-4B2A-833C-A842E0FBC0C5}"
EndProject
Global
	GlobalSection(SolutionConfigurationPlatforms) = preSolution
		Debug|Any CPU = Debug|Any CPU
		Release|Any CPU = Release|Any CPU
	EndGlobalSection
	GlobalSection(ProjectConfigurationPlatforms) = postSolution
		{53B32213-1EEB-4AF9-9A96-FC2FC390739B}.Debug|Any CPU.ActiveCfg = Debug|Any CPU
		{53B32213-1EEB-4AF9-9A96-FC2FC390739B}.Debug|Any CPU.Build.0 = Debug|Any CPU
		{53B32213-1EEB-4AF9-9A96-FC2FC390739B}.Release|Any CPU.ActiveCfg = Release|Any CPU
		{53B32213-1EEB-4AF9-9A96-FC2FC390739B}.Release|Any CPU.Build.0 = Release|Any CPU
		{48D2B0C4-45BE-49C6-B4B2-80005D2E441F}.Debug|Any CPU.ActiveCfg = Debug|Any CPU
		{48D2B0C4-45BE-49C6-B4B2-80005D2E441F}.Debug|Any CPU.Build.0 = Debug|Any CPU
		{48D2B0C4-45BE-49C6-B4B2-80005D2E441F}.Release|Any CPU.ActiveCfg = Release|Any CPU
		{48D2B0C4-45BE-49C6-B4B2-80005D2E441F}.Release|Any CPU.Build.0 = Release|Any CPU
		{04252B18-C4C5-4CB0-8741-D78B087A09E9}.Debug|Any CPU.ActiveCfg = Debug|Any CPU
		{04252B18-C4C5-4CB0-8741-D78B087A09E9}.Debug|Any CPU.Build.0 = Debug|Any CPU
		{04252B18-C4C5-4CB0-8741-D78B087A09E9}.Release|Any CPU.ActiveCfg = Release|Any CPU
		{04252B18-C4C5-4CB0-8741-D78B087A09E9}.Release|Any CPU.Build.0 = Release|Any CPU
		{7E88A38F-F821-4B2A-833C-A842E0FBC0C5}.Debug|Any CPU.ActiveCfg = Debug|Any CPU
		{7E88A38F-F821-4B2A-833C-A842E0FBC0C5}.Debug|Any CPU.Build.0 = Debug|Any CPU
		{7E88A38F-F821-4B2A-833C-A842E0FBC0C5}.Release|Any CPU.ActiveCfg = Release|Any CPU
		{7E88A38F-F821-4B2A-833C-A842E0FBC0C5}.Release|Any CPU.Build.0 = Release|Any CPU
	EndGlobalSection
	GlobalSection(SolutionProperties) = preSolution
		HideSolutionNode = FALSE
	EndGlobalSection
	GlobalSection(ExtensibilityGlobals) = postSolution
		SolutionGuid = {1D2D68C2-C816-4CA3-9E28-0FE9846261F0}
	EndGlobalSection
EndGlobal
